
Microsoft Visual Studio Solution File, Format Version 12.00
# Visual Studio Version 17
VisualStudioVersion = 17.14.36623.8
MinimumVisualStudioVersion = 10.0.40219.1
Project("{FAE04EC0-301F-11D3-BF4B-00C04F79EFBC}") = "CarRentalManagement", "CarRentalManagement\CarRentalManagement.csproj", "{4715E5E6-61B7-4A9A-BA81-32EBF7EC489F}"
EndProject
Global
	GlobalSection(SolutionConfigurationPlatforms) = preSolution
		Debug|Any CPU = Debug|Any CPU
		Release|Any CPU = Release|Any CPU
	EndGlobalSection
	GlobalSection(ProjectConfigurationPlatforms) = postSolution
		{4715E5E6-61B7-4A9A-BA81-32EBF7EC489F}.Debug|Any CPU.ActiveCfg = Debug|Any CPU
		{4715E5E6-61B7-4A9A-BA81-32EBF7EC489F}.Debug|Any CPU.Build.0 = Debug|Any CPU
		{4715E5E6-61B7-4A9A-BA81-32EBF7EC489F}.Release|Any CPU.ActiveCfg = Release|Any CPU
		{4715E5E6-61B7-4A9A-BA81-32EBF7EC489F}.Release|Any CPU.Build.0 = Release|Any CPU
	EndGlobalSection
	GlobalSection(SolutionProperties) = preSolution
		HideSolutionNode = FALSE
	EndGlobalSection
	GlobalSection(ExtensibilityGlobals) = postSolution
		SolutionGuid = {E7B95652-4EC1-4182-B438-8CF7EF1E252C}
	EndGlobalSection
EndGlobal
